// !$*UTF8*$!
{
	archiveVersion = 1;
	classes = {
	};
	objectVersion = 56;
	objects = {

/* Begin PBXBuildFile section */
		72029D362BA18FE400E37E62 /* JoinTeamViewModel.swift in Sources */ = {isa = PBXBuildFile; fileRef = 72029D352BA18FE400E37E62 /* JoinTeamViewModel.swift */; };
		72029D3B2BA1F09C00E37E62 /* MapView.swift in Sources */ = {isa = PBXBuildFile; fileRef = 72029D3A2BA1F09C00E37E62 /* MapView.swift */; };
		723BDA0A2BA1F3DA0008210F /* LocationManager.swift in Sources */ = {isa = PBXBuildFile; fileRef = 723BDA092BA1F3DA0008210F /* LocationManager.swift */; };
		723BDA162BA343D90008210F /* MapViewModel.swift in Sources */ = {isa = PBXBuildFile; fileRef = 723BDA152BA343D90008210F /* MapViewModel.swift */; };
		723BDA192BA4F2C70008210F /* GoogleService-Info.plist in Resources */ = {isa = PBXBuildFile; fileRef = 723BDA182BA4F2C70008210F /* GoogleService-Info.plist */; };
		723BDA1D2BA4F2F50008210F /* TimerManager.swift in Sources */ = {isa = PBXBuildFile; fileRef = 723BDA1A2BA4F2F50008210F /* TimerManager.swift */; };
		723BDA1E2BA4F2F50008210F /* TimeManager.swift in Sources */ = {isa = PBXBuildFile; fileRef = 723BDA1B2BA4F2F50008210F /* TimeManager.swift */; };
		723BDA1F2BA4F2F50008210F /* Data.swift in Sources */ = {isa = PBXBuildFile; fileRef = 723BDA1C2BA4F2F50008210F /* Data.swift */; };
		723BDA232BA4F4A80008210F /* SignUpView.swift in Sources */ = {isa = PBXBuildFile; fileRef = 723BDA222BA4F4A80008210F /* SignUpView.swift */; };
		723BDA282BA4F5290008210F /* CreateUserView.swift in Sources */ = {isa = PBXBuildFile; fileRef = 723BDA272BA4F5290008210F /* CreateUserView.swift */; };
		723BDA2A2BA4F5310008210F /* CreateUserViewModel.swift in Sources */ = {isa = PBXBuildFile; fileRef = 723BDA292BA4F5310008210F /* CreateUserViewModel.swift */; };
		723BDA2D2BA4F5810008210F /* User.swift in Sources */ = {isa = PBXBuildFile; fileRef = 723BDA2C2BA4F5810008210F /* User.swift */; };
		728A4CDA2B9EDA6B00CAFD73 /* FirebaseFirestore in Frameworks */ = {isa = PBXBuildFile; productRef = 728A4CD92B9EDA6B00CAFD73 /* FirebaseFirestore */; };
		728A4CDC2B9EDA6B00CAFD73 /* FirebaseFirestoreCombine-Community in Frameworks */ = {isa = PBXBuildFile; productRef = 728A4CDB2B9EDA6B00CAFD73 /* FirebaseFirestoreCombine-Community */; };
		728A4CDE2B9EDA6B00CAFD73 /* FirebaseFirestoreSwift in Frameworks */ = {isa = PBXBuildFile; productRef = 728A4CDD2B9EDA6B00CAFD73 /* FirebaseFirestoreSwift */; };
		728A4CFC2B9F2F8200CAFD73 /* NFCSession.swift in Sources */ = {isa = PBXBuildFile; fileRef = 728A4CFB2B9F2F8200CAFD73 /* NFCSession.swift */; };
		728A4D212BA168F300CAFD73 /* CreateTeamView.swift in Sources */ = {isa = PBXBuildFile; fileRef = 728A4D202BA168F300CAFD73 /* CreateTeamView.swift */; };
		728A4D232BA16E2800CAFD73 /* CreateTeamViewModel.swift in Sources */ = {isa = PBXBuildFile; fileRef = 728A4D222BA16E2800CAFD73 /* CreateTeamViewModel.swift */; };
		728A4D282BA173E200CAFD73 /* JoinTeamView.swift in Sources */ = {isa = PBXBuildFile; fileRef = 728A4D272BA173E200CAFD73 /* JoinTeamView.swift */; };
		9E37FC1A2BA32CF6007835C7 /* DoroPlayView.swift in Sources */ = {isa = PBXBuildFile; fileRef = 9E37FC172BA32CF6007835C7 /* DoroPlayView.swift */; };
		9E37FC1B2BA32CF6007835C7 /* KeiPlayView.swift in Sources */ = {isa = PBXBuildFile; fileRef = 9E37FC182BA32CF6007835C7 /* KeiPlayView.swift */; };
		9E37FC1C2BA32CF6007835C7 /* PlayView.swift in Sources */ = {isa = PBXBuildFile; fileRef = 9E37FC192BA32CF6007835C7 /* PlayView.swift */; };
		9E37FC262BA32DA8007835C7 /* ChatViewController.swift in Sources */ = {isa = PBXBuildFile; fileRef = 9E37FC1E2BA32DA8007835C7 /* ChatViewController.swift */; };
		9E37FC272BA32DA8007835C7 /* ChatViewController.xib in Resources */ = {isa = PBXBuildFile; fileRef = 9E37FC1F2BA32DA8007835C7 /* ChatViewController.xib */; };
		9E37FC282BA32DA8007835C7 /* TableViewCell.swift in Sources */ = {isa = PBXBuildFile; fileRef = 9E37FC202BA32DA8007835C7 /* TableViewCell.swift */; };
		9E37FC292BA32DA8007835C7 /* MessageInputAccesoryView.xib in Resources */ = {isa = PBXBuildFile; fileRef = 9E37FC212BA32DA8007835C7 /* MessageInputAccesoryView.xib */; };
		9E37FC2A2BA32DA8007835C7 /* TableViewCell.xib in Resources */ = {isa = PBXBuildFile; fileRef = 9E37FC222BA32DA8007835C7 /* TableViewCell.xib */; };
		9E37FC2B2BA32DA8007835C7 /* MessageInputAccesoryView.swift in Sources */ = {isa = PBXBuildFile; fileRef = 9E37FC232BA32DA8007835C7 /* MessageInputAccesoryView.swift */; };
		9E37FC2C2BA32DA8007835C7 /* ChatView.swift in Sources */ = {isa = PBXBuildFile; fileRef = 9E37FC252BA32DA8007835C7 /* ChatView.swift */; };
		9E37FC2F2BA32E72007835C7 /* FirebaseAuth in Frameworks */ = {isa = PBXBuildFile; productRef = 9E37FC2E2BA32E72007835C7 /* FirebaseAuth */; };
		9E37FC3A2BA32F07007835C7 /* TimerView.swift in Sources */ = {isa = PBXBuildFile; fileRef = 9E37FC362BA32F07007835C7 /* TimerView.swift */; };
		9E898D902B974E4E003CB854 /* KeiDoroApp.swift in Sources */ = {isa = PBXBuildFile; fileRef = 9E898D8F2B974E4E003CB854 /* KeiDoroApp.swift */; };
		9E898D942B974E4F003CB854 /* Assets.xcassets in Resources */ = {isa = PBXBuildFile; fileRef = 9E898D932B974E4F003CB854 /* Assets.xcassets */; };
		9E898D972B974E4F003CB854 /* Preview Assets.xcassets in Resources */ = {isa = PBXBuildFile; fileRef = 9E898D962B974E4F003CB854 /* Preview Assets.xcassets */; };
		9E898DA02B97749D003CB854 /* Colors.swift in Sources */ = {isa = PBXBuildFile; fileRef = 9E898D9F2B97749D003CB854 /* Colors.swift */; };
		9E898DE12B988967003CB854 /* .gitignore in Resources */ = {isa = PBXBuildFile; fileRef = 9E898DE02B988967003CB854 /* .gitignore */; };
		9E898DE82B9ADF51003CB854 /* NFCView.swift in Sources */ = {isa = PBXBuildFile; fileRef = 9E898DE72B9ADF51003CB854 /* NFCView.swift */; };
		9E898DEB2B9ADF9A003CB854 /* NFCViewModel.swift in Sources */ = {isa = PBXBuildFile; fileRef = 9E898DEA2B9ADF9A003CB854 /* NFCViewModel.swift */; };
		CE0228A72BA0A1870013A2E2 /* HomeViewModel.swift in Sources */ = {isa = PBXBuildFile; fileRef = CE0228A62BA0A1870013A2E2 /* HomeViewModel.swift */; };
		CE0228A92BA0A1AC0013A2E2 /* HomeView.swift in Sources */ = {isa = PBXBuildFile; fileRef = CE0228A82BA0A1AC0013A2E2 /* HomeView.swift */; };
/* End PBXBuildFile section */

/* Begin PBXFileReference section */
		72029D352BA18FE400E37E62 /* JoinTeamViewModel.swift */ = {isa = PBXFileReference; lastKnownFileType = sourcecode.swift; path = JoinTeamViewModel.swift; sourceTree = "<group>"; };
		72029D3A2BA1F09C00E37E62 /* MapView.swift */ = {isa = PBXFileReference; lastKnownFileType = sourcecode.swift; path = MapView.swift; sourceTree = "<group>"; };
		72029D3C2BA1F13600E37E62 /* Info.plist */ = {isa = PBXFileReference; lastKnownFileType = text.plist; path = Info.plist; sourceTree = "<group>"; };
		723BDA092BA1F3DA0008210F /* LocationManager.swift */ = {isa = PBXFileReference; lastKnownFileType = sourcecode.swift; path = LocationManager.swift; sourceTree = "<group>"; };
		723BDA112BA341D50008210F /* MissionView.swift */ = {isa = PBXFileReference; fileEncoding = 4; lastKnownFileType = sourcecode.swift; path = MissionView.swift; sourceTree = "<group>"; };
		723BDA122BA341D50008210F /* MissionDetailView.swift */ = {isa = PBXFileReference; fileEncoding = 4; lastKnownFileType = sourcecode.swift; path = MissionDetailView.swift; sourceTree = "<group>"; };
		723BDA152BA343D90008210F /* MapViewModel.swift */ = {isa = PBXFileReference; lastKnownFileType = sourcecode.swift; path = MapViewModel.swift; sourceTree = "<group>"; };
		723BDA182BA4F2C70008210F /* GoogleService-Info.plist */ = {isa = PBXFileReference; fileEncoding = 4; lastKnownFileType = text.plist.xml; path = "GoogleService-Info.plist"; sourceTree = "<group>"; };
		723BDA1A2BA4F2F50008210F /* TimerManager.swift */ = {isa = PBXFileReference; fileEncoding = 4; lastKnownFileType = sourcecode.swift; path = TimerManager.swift; sourceTree = "<group>"; };
		723BDA1B2BA4F2F50008210F /* TimeManager.swift */ = {isa = PBXFileReference; fileEncoding = 4; lastKnownFileType = sourcecode.swift; path = TimeManager.swift; sourceTree = "<group>"; };
		723BDA1C2BA4F2F50008210F /* Data.swift */ = {isa = PBXFileReference; fileEncoding = 4; lastKnownFileType = sourcecode.swift; path = Data.swift; sourceTree = "<group>"; };
		723BDA222BA4F4A80008210F /* SignUpView.swift */ = {isa = PBXFileReference; fileEncoding = 4; lastKnownFileType = sourcecode.swift; path = SignUpView.swift; sourceTree = "<group>"; };
		723BDA272BA4F5290008210F /* CreateUserView.swift */ = {isa = PBXFileReference; fileEncoding = 4; lastKnownFileType = sourcecode.swift; path = CreateUserView.swift; sourceTree = SOURCE_ROOT; };
		723BDA292BA4F5310008210F /* CreateUserViewModel.swift */ = {isa = PBXFileReference; fileEncoding = 4; lastKnownFileType = sourcecode.swift; path = CreateUserViewModel.swift; sourceTree = SOURCE_ROOT; };
		723BDA2C2BA4F5810008210F /* User.swift */ = {isa = PBXFileReference; fileEncoding = 4; lastKnownFileType = sourcecode.swift; path = User.swift; sourceTree = "<group>"; };
		728A4CBD2B9EADFB00CAFD73 /* kei-doro.entitlements */ = {isa = PBXFileReference; lastKnownFileType = text.plist.entitlements; path = "kei-doro.entitlements"; sourceTree = "<group>"; };
		728A4CFB2B9F2F8200CAFD73 /* NFCSession.swift */ = {isa = PBXFileReference; fileEncoding = 4; lastKnownFileType = sourcecode.swift; path = NFCSession.swift; sourceTree = "<group>"; };
		728A4D202BA168F300CAFD73 /* CreateTeamView.swift */ = {isa = PBXFileReference; lastKnownFileType = sourcecode.swift; path = CreateTeamView.swift; sourceTree = "<group>"; };
		728A4D222BA16E2800CAFD73 /* CreateTeamViewModel.swift */ = {isa = PBXFileReference; fileEncoding = 4; lastKnownFileType = sourcecode.swift; path = CreateTeamViewModel.swift; sourceTree = "<group>"; };
		728A4D272BA173E200CAFD73 /* JoinTeamView.swift */ = {isa = PBXFileReference; lastKnownFileType = sourcecode.swift; path = JoinTeamView.swift; sourceTree = "<group>"; };
		9E37FC172BA32CF6007835C7 /* DoroPlayView.swift */ = {isa = PBXFileReference; fileEncoding = 4; lastKnownFileType = sourcecode.swift; path = DoroPlayView.swift; sourceTree = "<group>"; };
		9E37FC182BA32CF6007835C7 /* KeiPlayView.swift */ = {isa = PBXFileReference; fileEncoding = 4; lastKnownFileType = sourcecode.swift; path = KeiPlayView.swift; sourceTree = "<group>"; };
		9E37FC192BA32CF6007835C7 /* PlayView.swift */ = {isa = PBXFileReference; fileEncoding = 4; lastKnownFileType = sourcecode.swift; path = PlayView.swift; sourceTree = "<group>"; };
		9E37FC1E2BA32DA8007835C7 /* ChatViewController.swift */ = {isa = PBXFileReference; fileEncoding = 4; lastKnownFileType = sourcecode.swift; path = ChatViewController.swift; sourceTree = "<group>"; };
		9E37FC1F2BA32DA8007835C7 /* ChatViewController.xib */ = {isa = PBXFileReference; fileEncoding = 4; lastKnownFileType = file.xib; path = ChatViewController.xib; sourceTree = "<group>"; };
		9E37FC202BA32DA8007835C7 /* TableViewCell.swift */ = {isa = PBXFileReference; fileEncoding = 4; lastKnownFileType = sourcecode.swift; path = TableViewCell.swift; sourceTree = "<group>"; };
		9E37FC212BA32DA8007835C7 /* MessageInputAccesoryView.xib */ = {isa = PBXFileReference; fileEncoding = 4; lastKnownFileType = file.xib; path = MessageInputAccesoryView.xib; sourceTree = "<group>"; };
		9E37FC222BA32DA8007835C7 /* TableViewCell.xib */ = {isa = PBXFileReference; fileEncoding = 4; lastKnownFileType = file.xib; path = TableViewCell.xib; sourceTree = "<group>"; };
		9E37FC232BA32DA8007835C7 /* MessageInputAccesoryView.swift */ = {isa = PBXFileReference; fileEncoding = 4; lastKnownFileType = sourcecode.swift; path = MessageInputAccesoryView.swift; sourceTree = "<group>"; };
		9E37FC252BA32DA8007835C7 /* ChatView.swift */ = {isa = PBXFileReference; fileEncoding = 4; lastKnownFileType = sourcecode.swift; path = ChatView.swift; sourceTree = "<group>"; };
		9E37FC362BA32F07007835C7 /* TimerView.swift */ = {isa = PBXFileReference; fileEncoding = 4; lastKnownFileType = sourcecode.swift; path = TimerView.swift; sourceTree = "<group>"; };
		9E898D8C2B974E4E003CB854 /* kei-doro.app */ = {isa = PBXFileReference; explicitFileType = wrapper.application; includeInIndex = 0; path = "kei-doro.app"; sourceTree = BUILT_PRODUCTS_DIR; };
		9E898D8F2B974E4E003CB854 /* KeiDoroApp.swift */ = {isa = PBXFileReference; lastKnownFileType = sourcecode.swift; path = KeiDoroApp.swift; sourceTree = "<group>"; };
		9E898D932B974E4F003CB854 /* Assets.xcassets */ = {isa = PBXFileReference; lastKnownFileType = folder.assetcatalog; path = Assets.xcassets; sourceTree = "<group>"; };
		9E898D962B974E4F003CB854 /* Preview Assets.xcassets */ = {isa = PBXFileReference; lastKnownFileType = folder.assetcatalog; path = "Preview Assets.xcassets"; sourceTree = "<group>"; };
		9E898D9F2B97749D003CB854 /* Colors.swift */ = {isa = PBXFileReference; lastKnownFileType = sourcecode.swift; path = Colors.swift; sourceTree = "<group>"; };
		9E898DE02B988967003CB854 /* .gitignore */ = {isa = PBXFileReference; lastKnownFileType = text; path = .gitignore; sourceTree = "<group>"; };
		9E898DE72B9ADF51003CB854 /* NFCView.swift */ = {isa = PBXFileReference; lastKnownFileType = sourcecode.swift; path = NFCView.swift; sourceTree = "<group>"; };
		9E898DEA2B9ADF9A003CB854 /* NFCViewModel.swift */ = {isa = PBXFileReference; lastKnownFileType = sourcecode.swift; path = NFCViewModel.swift; sourceTree = "<group>"; };
		9E898DEC2B9AE028003CB854 /* README.md */ = {isa = PBXFileReference; lastKnownFileType = net.daringfireball.markdown; path = README.md; sourceTree = "<group>"; };
		CE0228A62BA0A1870013A2E2 /* HomeViewModel.swift */ = {isa = PBXFileReference; lastKnownFileType = sourcecode.swift; path = HomeViewModel.swift; sourceTree = "<group>"; };
		CE0228A82BA0A1AC0013A2E2 /* HomeView.swift */ = {isa = PBXFileReference; lastKnownFileType = sourcecode.swift; path = HomeView.swift; sourceTree = "<group>"; };
		CEBD06AE2BA410D400F0844E /* MissionDetailView.swift */ = {isa = PBXFileReference; fileEncoding = 4; lastKnownFileType = sourcecode.swift; path = MissionDetailView.swift; sourceTree = "<group>"; };
		CEBD06AF2BA410D400F0844E /* MissionView.swift */ = {isa = PBXFileReference; fileEncoding = 4; lastKnownFileType = sourcecode.swift; path = MissionView.swift; sourceTree = "<group>"; };
/* End PBXFileReference section */

/* Begin PBXFrameworksBuildPhase section */
		9E898D892B974E4E003CB854 /* Frameworks */ = {
			isa = PBXFrameworksBuildPhase;
			buildActionMask = 2147483647;
			files = (
				728A4CDA2B9EDA6B00CAFD73 /* FirebaseFirestore in Frameworks */,
				728A4CDE2B9EDA6B00CAFD73 /* FirebaseFirestoreSwift in Frameworks */,
				728A4CDC2B9EDA6B00CAFD73 /* FirebaseFirestoreCombine-Community in Frameworks */,
				9E37FC2F2BA32E72007835C7 /* FirebaseAuth in Frameworks */,
			);
			runOnlyForDeploymentPostprocessing = 0;
		};
/* End PBXFrameworksBuildPhase section */

/* Begin PBXGroup section */
		72029D372BA1F07700E37E62 /* MapPage */ = {
			isa = PBXGroup;
			children = (
				72029D392BA1F08A00E37E62 /* ViewModels */,
				72029D382BA1F08400E37E62 /* Views */,
			);
			path = MapPage;
			sourceTree = "<group>";
		};
		72029D382BA1F08400E37E62 /* Views */ = {
			isa = PBXGroup;
			children = (
				72029D3A2BA1F09C00E37E62 /* MapView.swift */,
			);
			path = Views;
			sourceTree = "<group>";
		};
		72029D392BA1F08A00E37E62 /* ViewModels */ = {
			isa = PBXGroup;
			children = (
				723BDA092BA1F3DA0008210F /* LocationManager.swift */,
				723BDA152BA343D90008210F /* MapViewModel.swift */,
			);
			path = ViewModels;
			sourceTree = "<group>";
		};
		723BDA172BA4F13A0008210F /* Recovered References */ = {
			isa = PBXGroup;
			children = (
				723BDA122BA341D50008210F /* MissionDetailView.swift */,
				723BDA112BA341D50008210F /* MissionView.swift */,
				CEBD06AF2BA410D400F0844E /* MissionView.swift */,
				CEBD06AE2BA410D400F0844E /* MissionDetailView.swift */,
			);
			name = "Recovered References";
			sourceTree = "<group>";
		};
		723BDA202BA4F4A80008210F /* SignUpPage */ = {
			isa = PBXGroup;
			children = (
				723BDA212BA4F4A80008210F /* Views */,
			);
			path = SignUpPage;
			sourceTree = "<group>";
		};
		723BDA212BA4F4A80008210F /* Views */ = {
			isa = PBXGroup;
			children = (
				723BDA222BA4F4A80008210F /* SignUpView.swift */,
			);
			path = Views;
			sourceTree = "<group>";
		};
		723BDA242BA4F5070008210F /* CreateUserPage */ = {
			isa = PBXGroup;
			children = (
				723BDA262BA4F51F0008210F /* ViewModels */,
				723BDA252BA4F5180008210F /* Views */,
			);
			path = CreateUserPage;
			sourceTree = "<group>";
		};
		723BDA252BA4F5180008210F /* Views */ = {
			isa = PBXGroup;
			children = (
				723BDA272BA4F5290008210F /* CreateUserView.swift */,
			);
			path = Views;
			sourceTree = "<group>";
		};
		723BDA262BA4F51F0008210F /* ViewModels */ = {
			isa = PBXGroup;
			children = (
				723BDA292BA4F5310008210F /* CreateUserViewModel.swift */,
			);
			path = ViewModels;
			sourceTree = "<group>";
		};
		723BDA2B2BA4F5810008210F /* Models */ = {
			isa = PBXGroup;
			children = (
				723BDA2C2BA4F5810008210F /* User.swift */,
			);
			path = Models;
			sourceTree = "<group>";
		};
		728A4CFD2BA08ED500CAFD73 /* HomePage */ = {
			isa = PBXGroup;
			children = (
				728A4CFF2BA08EE500CAFD73 /* Views */,
				728A4CFE2BA08EDD00CAFD73 /* ViewModels */,
			);
			path = HomePage;
			sourceTree = "<group>";
		};
		728A4CFE2BA08EDD00CAFD73 /* ViewModels */ = {
			isa = PBXGroup;
			children = (
				CE0228A62BA0A1870013A2E2 /* HomeViewModel.swift */,
			);
			path = ViewModels;
			sourceTree = "<group>";
		};
		728A4CFF2BA08EE500CAFD73 /* Views */ = {
			isa = PBXGroup;
			children = (
				CE0228A82BA0A1AC0013A2E2 /* HomeView.swift */,
			);
			path = Views;
			sourceTree = "<group>";
		};
		728A4D182BA14DCF00CAFD73 /* CreateTeamPage */ = {
			isa = PBXGroup;
			children = (
				728A4D1C2BA14E7100CAFD73 /* ViewModels */,
				728A4D1B2BA14E6B00CAFD73 /* Views */,
			);
			path = CreateTeamPage;
			sourceTree = "<group>";
		};
		728A4D1B2BA14E6B00CAFD73 /* Views */ = {
			isa = PBXGroup;
			children = (
				728A4D202BA168F300CAFD73 /* CreateTeamView.swift */,
			);
			path = Views;
			sourceTree = "<group>";
		};
		728A4D1C2BA14E7100CAFD73 /* ViewModels */ = {
			isa = PBXGroup;
			children = (
				728A4D222BA16E2800CAFD73 /* CreateTeamViewModel.swift */,
			);
			path = ViewModels;
			sourceTree = "<group>";
		};
		728A4D242BA173BF00CAFD73 /* JoinTeamPage */ = {
			isa = PBXGroup;
			children = (
				728A4D262BA173D200CAFD73 /* ViewModel */,
				728A4D252BA173CD00CAFD73 /* Views */,
			);
			path = JoinTeamPage;
			sourceTree = "<group>";
		};
		728A4D252BA173CD00CAFD73 /* Views */ = {
			isa = PBXGroup;
			children = (
				728A4D272BA173E200CAFD73 /* JoinTeamView.swift */,
			);
			path = Views;
			sourceTree = "<group>";
		};
		728A4D262BA173D200CAFD73 /* ViewModel */ = {
			isa = PBXGroup;
			children = (
				72029D352BA18FE400E37E62 /* JoinTeamViewModel.swift */,
			);
			path = ViewModel;
			sourceTree = "<group>";
		};
		9E37FC1D2BA32DA8007835C7 /* ChatPage */ = {
			isa = PBXGroup;
			children = (
				9E37FC1E2BA32DA8007835C7 /* ChatViewController.swift */,
				9E37FC1F2BA32DA8007835C7 /* ChatViewController.xib */,
				9E37FC202BA32DA8007835C7 /* TableViewCell.swift */,
				9E37FC212BA32DA8007835C7 /* MessageInputAccesoryView.xib */,
				9E37FC222BA32DA8007835C7 /* TableViewCell.xib */,
				9E37FC232BA32DA8007835C7 /* MessageInputAccesoryView.swift */,
				9E37FC242BA32DA8007835C7 /* Views */,
			);
			path = ChatPage;
			sourceTree = "<group>";
		};
		9E37FC242BA32DA8007835C7 /* Views */ = {
			isa = PBXGroup;
			children = (
				9E37FC252BA32DA8007835C7 /* ChatView.swift */,
			);
			path = Views;
			sourceTree = "<group>";
		};
		9E37FC2D2BA32E72007835C7 /* Frameworks */ = {
			isa = PBXGroup;
			children = (
			);
			name = Frameworks;
			sourceTree = "<group>";
		};
		9E37FC302BA32F07007835C7 /* TimerPage */ = {
			isa = PBXGroup;
			children = (
				9E37FC312BA32F07007835C7 /* ViewModels */,
				9E37FC352BA32F07007835C7 /* Views */,
			);
			name = TimerPage;
			path = "kei-doro/Pages/TimerPage";
			sourceTree = SOURCE_ROOT;
		};
		9E37FC312BA32F07007835C7 /* ViewModels */ = {
			isa = PBXGroup;
			children = (
				723BDA1C2BA4F2F50008210F /* Data.swift */,
				723BDA1B2BA4F2F50008210F /* TimeManager.swift */,
				723BDA1A2BA4F2F50008210F /* TimerManager.swift */,
			);
			path = ViewModels;
			sourceTree = "<group>";
		};
		9E37FC352BA32F07007835C7 /* Views */ = {
			isa = PBXGroup;
			children = (
				9E37FC362BA32F07007835C7 /* TimerView.swift */,
			);
			path = Views;
			sourceTree = "<group>";
		};
		9E37FC3B2BA33293007835C7 /* Utils */ = {
			isa = PBXGroup;
			children = (
				728A4CFB2B9F2F8200CAFD73 /* NFCSession.swift */,
			);
			path = Utils;
			sourceTree = "<group>";
		};
		9E898D832B974E4E003CB854 = {
			isa = PBXGroup;
			children = (
				9E898DEC2B9AE028003CB854 /* README.md */,
				9E898DE02B988967003CB854 /* .gitignore */,
				9E898D8E2B974E4E003CB854 /* kei-doro */,
				9E898D8D2B974E4E003CB854 /* Products */,
				9E37FC2D2BA32E72007835C7 /* Frameworks */,
				723BDA172BA4F13A0008210F /* Recovered References */,
			);
			sourceTree = "<group>";
		};
		9E898D8D2B974E4E003CB854 /* Products */ = {
			isa = PBXGroup;
			children = (
				9E898D8C2B974E4E003CB854 /* kei-doro.app */,
			);
			name = Products;
			sourceTree = "<group>";
		};
		9E898D8E2B974E4E003CB854 /* kei-doro */ = {
			isa = PBXGroup;
			children = (
				723BDA2B2BA4F5810008210F /* Models */,
				723BDA182BA4F2C70008210F /* GoogleService-Info.plist */,
				9E37FC3B2BA33293007835C7 /* Utils */,
				72029D3C2BA1F13600E37E62 /* Info.plist */,
				728A4CBD2B9EADFB00CAFD73 /* kei-doro.entitlements */,
				9E898DE42B9ADEC4003CB854 /* Pages */,
				9E898D9E2B97747C003CB854 /* Theme */,
				9E898D8F2B974E4E003CB854 /* KeiDoroApp.swift */,
				9E898D932B974E4F003CB854 /* Assets.xcassets */,
				9E898D952B974E4F003CB854 /* Preview Content */,
			);
			path = "kei-doro";
			sourceTree = "<group>";
		};
		9E898D952B974E4F003CB854 /* Preview Content */ = {
			isa = PBXGroup;
			children = (
				9E898D962B974E4F003CB854 /* Preview Assets.xcassets */,
			);
			path = "Preview Content";
			sourceTree = "<group>";
		};
		9E898D9E2B97747C003CB854 /* Theme */ = {
			isa = PBXGroup;
			children = (
				9E898D9F2B97749D003CB854 /* Colors.swift */,
			);
			path = Theme;
			sourceTree = "<group>";
		};
		9E898DE42B9ADEC4003CB854 /* Pages */ = {
			isa = PBXGroup;
			children = (
				723BDA242BA4F5070008210F /* CreateUserPage */,
				723BDA202BA4F4A80008210F /* SignUpPage */,
				9E37FC302BA32F07007835C7 /* TimerPage */,
				9E37FC1D2BA32DA8007835C7 /* ChatPage */,
				72029D372BA1F07700E37E62 /* MapPage */,
				728A4D242BA173BF00CAFD73 /* JoinTeamPage */,
				728A4D182BA14DCF00CAFD73 /* CreateTeamPage */,
				CE0228AC2BA0A1F40013A2E2 /* PlayPage */,
				728A4CFD2BA08ED500CAFD73 /* HomePage */,
				9E898DE52B9ADF25003CB854 /* LoginPage */,
			);
			path = Pages;
			sourceTree = "<group>";
		};
		9E898DE52B9ADF25003CB854 /* LoginPage */ = {
			isa = PBXGroup;
			children = (
				9E898DE92B9ADF76003CB854 /* ViewModels */,
				9E898DE62B9ADF32003CB854 /* Views */,
			);
			path = LoginPage;
			sourceTree = "<group>";
		};
		9E898DE62B9ADF32003CB854 /* Views */ = {
			isa = PBXGroup;
			children = (
				9E898DE72B9ADF51003CB854 /* NFCView.swift */,
			);
			path = Views;
			sourceTree = "<group>";
		};
		9E898DE92B9ADF76003CB854 /* ViewModels */ = {
			isa = PBXGroup;
			children = (
				9E898DEA2B9ADF9A003CB854 /* NFCViewModel.swift */,
			);
			path = ViewModels;
			sourceTree = "<group>";
		};
		CE0228AC2BA0A1F40013A2E2 /* PlayPage */ = {
			isa = PBXGroup;
			children = (
				CE0228AD2BA0A20B0013A2E2 /* Views */,
			);
			path = PlayPage;
			sourceTree = "<group>";
		};
		CE0228AD2BA0A20B0013A2E2 /* Views */ = {
			isa = PBXGroup;
			children = (
				9E37FC172BA32CF6007835C7 /* DoroPlayView.swift */,
				9E37FC182BA32CF6007835C7 /* KeiPlayView.swift */,
				9E37FC192BA32CF6007835C7 /* PlayView.swift */,
			);
			path = Views;
			sourceTree = "<group>";
		};
/* End PBXGroup section */

/* Begin PBXNativeTarget section */
		9E898D8B2B974E4E003CB854 /* kei-doro */ = {
			isa = PBXNativeTarget;
			buildConfigurationList = 9E898D9A2B974E4F003CB854 /* Build configuration list for PBXNativeTarget "kei-doro" */;
			buildPhases = (
				9E898D882B974E4E003CB854 /* Sources */,
				9E898D892B974E4E003CB854 /* Frameworks */,
				9E898D8A2B974E4E003CB854 /* Resources */,
			);
			buildRules = (
			);
			dependencies = (
			);
			name = "kei-doro";
			packageProductDependencies = (
				728A4CD92B9EDA6B00CAFD73 /* FirebaseFirestore */,
				728A4CDB2B9EDA6B00CAFD73 /* FirebaseFirestoreCombine-Community */,
				728A4CDD2B9EDA6B00CAFD73 /* FirebaseFirestoreSwift */,
				9E37FC2E2BA32E72007835C7 /* FirebaseAuth */,
			);
			productName = "kei-doro";
			productReference = 9E898D8C2B974E4E003CB854 /* kei-doro.app */;
			productType = "com.apple.product-type.application";
		};
/* End PBXNativeTarget section */

/* Begin PBXProject section */
		9E898D842B974E4E003CB854 /* Project object */ = {
			isa = PBXProject;
			attributes = {
				BuildIndependentTargetsInParallel = 1;
				LastSwiftUpdateCheck = 1520;
				LastUpgradeCheck = 1520;
				TargetAttributes = {
					9E898D8B2B974E4E003CB854 = {
						CreatedOnToolsVersion = 15.2;
					};
				};
			};
			buildConfigurationList = 9E898D872B974E4E003CB854 /* Build configuration list for PBXProject "kei-doro" */;
			compatibilityVersion = "Xcode 14.0";
			developmentRegion = en;
			hasScannedForEncodings = 0;
			knownRegions = (
				en,
				Base,
			);
			mainGroup = 9E898D832B974E4E003CB854;
			packageReferences = (
				728A4CC02B9EDA6B00CAFD73 /* XCRemoteSwiftPackageReference "firebase-ios-sdk" */,
			);
			productRefGroup = 9E898D8D2B974E4E003CB854 /* Products */;
			projectDirPath = "";
			projectRoot = "";
			targets = (
				9E898D8B2B974E4E003CB854 /* kei-doro */,
			);
		};
/* End PBXProject section */

/* Begin PBXResourcesBuildPhase section */
		9E898D8A2B974E4E003CB854 /* Resources */ = {
			isa = PBXResourcesBuildPhase;
			buildActionMask = 2147483647;
			files = (
				9E898D972B974E4F003CB854 /* Preview Assets.xcassets in Resources */,
				9E37FC2A2BA32DA8007835C7 /* TableViewCell.xib in Resources */,
				9E37FC292BA32DA8007835C7 /* MessageInputAccesoryView.xib in Resources */,
				9E898DE12B988967003CB854 /* .gitignore in Resources */,
				9E37FC272BA32DA8007835C7 /* ChatViewController.xib in Resources */,
				9E898D942B974E4F003CB854 /* Assets.xcassets in Resources */,
				723BDA192BA4F2C70008210F /* GoogleService-Info.plist in Resources */,
			);
			runOnlyForDeploymentPostprocessing = 0;
		};
/* End PBXResourcesBuildPhase section */

/* Begin PBXSourcesBuildPhase section */
		9E898D882B974E4E003CB854 /* Sources */ = {
			isa = PBXSourcesBuildPhase;
			buildActionMask = 2147483647;
			files = (
				9E898DEB2B9ADF9A003CB854 /* NFCViewModel.swift in Sources */,
				CE0228A92BA0A1AC0013A2E2 /* HomeView.swift in Sources */,
				CE0228A72BA0A1870013A2E2 /* HomeViewModel.swift in Sources */,
				9E37FC282BA32DA8007835C7 /* TableViewCell.swift in Sources */,
				9E37FC1C2BA32CF6007835C7 /* PlayView.swift in Sources */,
				723BDA1E2BA4F2F50008210F /* TimeManager.swift in Sources */,
				9E37FC2B2BA32DA8007835C7 /* MessageInputAccesoryView.swift in Sources */,
				9E37FC3A2BA32F07007835C7 /* TimerView.swift in Sources */,
				723BDA2D2BA4F5810008210F /* User.swift in Sources */,
				723BDA232BA4F4A80008210F /* SignUpView.swift in Sources */,
				72029D3B2BA1F09C00E37E62 /* MapView.swift in Sources */,
				9E37FC1A2BA32CF6007835C7 /* DoroPlayView.swift in Sources */,
				723BDA2A2BA4F5310008210F /* CreateUserViewModel.swift in Sources */,
				9E37FC1B2BA32CF6007835C7 /* KeiPlayView.swift in Sources */,
				9E898D902B974E4E003CB854 /* KeiDoroApp.swift in Sources */,
				728A4D232BA16E2800CAFD73 /* CreateTeamViewModel.swift in Sources */,
				9E898DE82B9ADF51003CB854 /* NFCView.swift in Sources */,
				9E37FC2C2BA32DA8007835C7 /* ChatView.swift in Sources */,
				723BDA282BA4F5290008210F /* CreateUserView.swift in Sources */,
				728A4D212BA168F300CAFD73 /* CreateTeamView.swift in Sources */,
				723BDA1D2BA4F2F50008210F /* TimerManager.swift in Sources */,
				9E37FC262BA32DA8007835C7 /* ChatViewController.swift in Sources */,
				728A4D282BA173E200CAFD73 /* JoinTeamView.swift in Sources */,
				72029D362BA18FE400E37E62 /* JoinTeamViewModel.swift in Sources */,
				723BDA0A2BA1F3DA0008210F /* LocationManager.swift in Sources */,
				9E898DA02B97749D003CB854 /* Colors.swift in Sources */,
				728A4CFC2B9F2F8200CAFD73 /* NFCSession.swift in Sources */,
				723BDA162BA343D90008210F /* MapViewModel.swift in Sources */,
				723BDA1F2BA4F2F50008210F /* Data.swift in Sources */,
			);
			runOnlyForDeploymentPostprocessing = 0;
		};
/* End PBXSourcesBuildPhase section */

/* Begin XCBuildConfiguration section */
		9E898D982B974E4F003CB854 /* Debug */ = {
			isa = XCBuildConfiguration;
			buildSettings = {
				ALWAYS_SEARCH_USER_PATHS = NO;
				ASSETCATALOG_COMPILER_GENERATE_SWIFT_ASSET_SYMBOL_EXTENSIONS = YES;
				CLANG_ANALYZER_NONNULL = YES;
				CLANG_ANALYZER_NUMBER_OBJECT_CONVERSION = YES_AGGRESSIVE;
				CLANG_CXX_LANGUAGE_STANDARD = "gnu++20";
				CLANG_ENABLE_MODULES = YES;
				CLANG_ENABLE_OBJC_ARC = YES;
				CLANG_ENABLE_OBJC_WEAK = YES;
				CLANG_WARN_BLOCK_CAPTURE_AUTORELEASING = YES;
				CLANG_WARN_BOOL_CONVERSION = YES;
				CLANG_WARN_COMMA = YES;
				CLANG_WARN_CONSTANT_CONVERSION = YES;
				CLANG_WARN_DEPRECATED_OBJC_IMPLEMENTATIONS = YES;
				CLANG_WARN_DIRECT_OBJC_ISA_USAGE = YES_ERROR;
				CLANG_WARN_DOCUMENTATION_COMMENTS = YES;
				CLANG_WARN_EMPTY_BODY = YES;
				CLANG_WARN_ENUM_CONVERSION = YES;
				CLANG_WARN_INFINITE_RECURSION = YES;
				CLANG_WARN_INT_CONVERSION = YES;
				CLANG_WARN_NON_LITERAL_NULL_CONVERSION = YES;
				CLANG_WARN_OBJC_IMPLICIT_RETAIN_SELF = YES;
				CLANG_WARN_OBJC_LITERAL_CONVERSION = YES;
				CLANG_WARN_OBJC_ROOT_CLASS = YES_ERROR;
				CLANG_WARN_QUOTED_INCLUDE_IN_FRAMEWORK_HEADER = YES;
				CLANG_WARN_RANGE_LOOP_ANALYSIS = YES;
				CLANG_WARN_STRICT_PROTOTYPES = YES;
				CLANG_WARN_SUSPICIOUS_MOVE = YES;
				CLANG_WARN_UNGUARDED_AVAILABILITY = YES_AGGRESSIVE;
				CLANG_WARN_UNREACHABLE_CODE = YES;
				CLANG_WARN__DUPLICATE_METHOD_MATCH = YES;
				COPY_PHASE_STRIP = NO;
				DEBUG_INFORMATION_FORMAT = dwarf;
				ENABLE_STRICT_OBJC_MSGSEND = YES;
				ENABLE_TESTABILITY = YES;
				ENABLE_USER_SCRIPT_SANDBOXING = YES;
				GCC_C_LANGUAGE_STANDARD = gnu17;
				GCC_DYNAMIC_NO_PIC = NO;
				GCC_NO_COMMON_BLOCKS = YES;
				GCC_OPTIMIZATION_LEVEL = 0;
				GCC_PREPROCESSOR_DEFINITIONS = (
					"DEBUG=1",
					"$(inherited)",
				);
				GCC_WARN_64_TO_32_BIT_CONVERSION = YES;
				GCC_WARN_ABOUT_RETURN_TYPE = YES_ERROR;
				GCC_WARN_UNDECLARED_SELECTOR = YES;
				GCC_WARN_UNINITIALIZED_AUTOS = YES_AGGRESSIVE;
				GCC_WARN_UNUSED_FUNCTION = YES;
				GCC_WARN_UNUSED_VARIABLE = YES;
				IPHONEOS_DEPLOYMENT_TARGET = 17.2;
				LOCALIZATION_PREFERS_STRING_CATALOGS = YES;
				MTL_ENABLE_DEBUG_INFO = INCLUDE_SOURCE;
				MTL_FAST_MATH = YES;
				ONLY_ACTIVE_ARCH = YES;
				SDKROOT = iphoneos;
				SWIFT_ACTIVE_COMPILATION_CONDITIONS = "DEBUG $(inherited)";
				SWIFT_OPTIMIZATION_LEVEL = "-Onone";
			};
			name = Debug;
		};
		9E898D992B974E4F003CB854 /* Release */ = {
			isa = XCBuildConfiguration;
			buildSettings = {
				ALWAYS_SEARCH_USER_PATHS = NO;
				ASSETCATALOG_COMPILER_GENERATE_SWIFT_ASSET_SYMBOL_EXTENSIONS = YES;
				CLANG_ANALYZER_NONNULL = YES;
				CLANG_ANALYZER_NUMBER_OBJECT_CONVERSION = YES_AGGRESSIVE;
				CLANG_CXX_LANGUAGE_STANDARD = "gnu++20";
				CLANG_ENABLE_MODULES = YES;
				CLANG_ENABLE_OBJC_ARC = YES;
				CLANG_ENABLE_OBJC_WEAK = YES;
				CLANG_WARN_BLOCK_CAPTURE_AUTORELEASING = YES;
				CLANG_WARN_BOOL_CONVERSION = YES;
				CLANG_WARN_COMMA = YES;
				CLANG_WARN_CONSTANT_CONVERSION = YES;
				CLANG_WARN_DEPRECATED_OBJC_IMPLEMENTATIONS = YES;
				CLANG_WARN_DIRECT_OBJC_ISA_USAGE = YES_ERROR;
				CLANG_WARN_DOCUMENTATION_COMMENTS = YES;
				CLANG_WARN_EMPTY_BODY = YES;
				CLANG_WARN_ENUM_CONVERSION = YES;
				CLANG_WARN_INFINITE_RECURSION = YES;
				CLANG_WARN_INT_CONVERSION = YES;
				CLANG_WARN_NON_LITERAL_NULL_CONVERSION = YES;
				CLANG_WARN_OBJC_IMPLICIT_RETAIN_SELF = YES;
				CLANG_WARN_OBJC_LITERAL_CONVERSION = YES;
				CLANG_WARN_OBJC_ROOT_CLASS = YES_ERROR;
				CLANG_WARN_QUOTED_INCLUDE_IN_FRAMEWORK_HEADER = YES;
				CLANG_WARN_RANGE_LOOP_ANALYSIS = YES;
				CLANG_WARN_STRICT_PROTOTYPES = YES;
				CLANG_WARN_SUSPICIOUS_MOVE = YES;
				CLANG_WARN_UNGUARDED_AVAILABILITY = YES_AGGRESSIVE;
				CLANG_WARN_UNREACHABLE_CODE = YES;
				CLANG_WARN__DUPLICATE_METHOD_MATCH = YES;
				COPY_PHASE_STRIP = NO;
				DEBUG_INFORMATION_FORMAT = "dwarf-with-dsym";
				ENABLE_NS_ASSERTIONS = NO;
				ENABLE_STRICT_OBJC_MSGSEND = YES;
				ENABLE_USER_SCRIPT_SANDBOXING = YES;
				GCC_C_LANGUAGE_STANDARD = gnu17;
				GCC_NO_COMMON_BLOCKS = YES;
				GCC_WARN_64_TO_32_BIT_CONVERSION = YES;
				GCC_WARN_ABOUT_RETURN_TYPE = YES_ERROR;
				GCC_WARN_UNDECLARED_SELECTOR = YES;
				GCC_WARN_UNINITIALIZED_AUTOS = YES_AGGRESSIVE;
				GCC_WARN_UNUSED_FUNCTION = YES;
				GCC_WARN_UNUSED_VARIABLE = YES;
				IPHONEOS_DEPLOYMENT_TARGET = 17.2;
				LOCALIZATION_PREFERS_STRING_CATALOGS = YES;
				MTL_ENABLE_DEBUG_INFO = NO;
				MTL_FAST_MATH = YES;
				SDKROOT = iphoneos;
				SWIFT_COMPILATION_MODE = wholemodule;
				VALIDATE_PRODUCT = YES;
			};
			name = Release;
		};
		9E898D9B2B974E4F003CB854 /* Debug */ = {
			isa = XCBuildConfiguration;
			buildSettings = {
				ASSETCATALOG_COMPILER_APPICON_NAME = AppIcon;
				ASSETCATALOG_COMPILER_GLOBAL_ACCENT_COLOR_NAME = AccentColor;
				CODE_SIGN_ENTITLEMENTS = "kei-doro/kei-doro.entitlements";
				CODE_SIGN_STYLE = Automatic;
				CURRENT_PROJECT_VERSION = 1;
				DEVELOPMENT_ASSET_PATHS = "\"kei-doro/Preview Content\"";
				DEVELOPMENT_TEAM = TVH687AC7F;
				ENABLE_PREVIEWS = YES;
				GENERATE_INFOPLIST_FILE = YES;
				INFOPLIST_FILE = "kei-doro/Info.plist";
				INFOPLIST_KEY_LSApplicationCategoryType = "";
				INFOPLIST_KEY_NFCReaderUsageDescription = "ログインに使用します";
				INFOPLIST_KEY_NSLocationWhenInUseUsageDescription = "現在地を取得します";
				INFOPLIST_KEY_UIApplicationSceneManifest_Generation = YES;
				INFOPLIST_KEY_UIApplicationSupportsIndirectInputEvents = YES;
				INFOPLIST_KEY_UILaunchScreen_Generation = YES;
				INFOPLIST_KEY_UISupportedInterfaceOrientations_iPad = "UIInterfaceOrientationPortrait UIInterfaceOrientationPortraitUpsideDown UIInterfaceOrientationLandscapeLeft UIInterfaceOrientationLandscapeRight";
				INFOPLIST_KEY_UISupportedInterfaceOrientations_iPhone = "UIInterfaceOrientationPortrait UIInterfaceOrientationLandscapeLeft UIInterfaceOrientationLandscapeRight";
				LD_RUNPATH_SEARCH_PATHS = (
					"$(inherited)",
					"@executable_path/Frameworks",
				);
				MARKETING_VERSION = 1.0;
				PRODUCT_BUNDLE_IDENTIFIER = "app.inoue.inoren.kei-doro2";
				PRODUCT_NAME = "$(TARGET_NAME)";
				SWIFT_EMIT_LOC_STRINGS = YES;
				SWIFT_VERSION = 5.0;
				TARGETED_DEVICE_FAMILY = "1,2";
			};
			name = Debug;
		};
		9E898D9C2B974E4F003CB854 /* Release */ = {
			isa = XCBuildConfiguration;
			buildSettings = {
				ASSETCATALOG_COMPILER_APPICON_NAME = AppIcon;
				ASSETCATALOG_COMPILER_GLOBAL_ACCENT_COLOR_NAME = AccentColor;
				CODE_SIGN_ENTITLEMENTS = "kei-doro/kei-doro.entitlements";
				CODE_SIGN_STYLE = Automatic;
				CURRENT_PROJECT_VERSION = 1;
				DEVELOPMENT_ASSET_PATHS = "\"kei-doro/Preview Content\"";
				DEVELOPMENT_TEAM = TVH687AC7F;
				ENABLE_PREVIEWS = YES;
				GENERATE_INFOPLIST_FILE = YES;
				INFOPLIST_FILE = "kei-doro/Info.plist";
				INFOPLIST_KEY_LSApplicationCategoryType = "";
				INFOPLIST_KEY_NFCReaderUsageDescription = "ログインに使用します";
				INFOPLIST_KEY_NSLocationWhenInUseUsageDescription = "現在地を取得します";
				INFOPLIST_KEY_UIApplicationSceneManifest_Generation = YES;
				INFOPLIST_KEY_UIApplicationSupportsIndirectInputEvents = YES;
				INFOPLIST_KEY_UILaunchScreen_Generation = YES;
				INFOPLIST_KEY_UISupportedInterfaceOrientations_iPad = "UIInterfaceOrientationPortrait UIInterfaceOrientationPortraitUpsideDown UIInterfaceOrientationLandscapeLeft UIInterfaceOrientationLandscapeRight";
				INFOPLIST_KEY_UISupportedInterfaceOrientations_iPhone = "UIInterfaceOrientationPortrait UIInterfaceOrientationLandscapeLeft UIInterfaceOrientationLandscapeRight";
				LD_RUNPATH_SEARCH_PATHS = (
					"$(inherited)",
					"@executable_path/Frameworks",
				);
				MARKETING_VERSION = 1.0;
				PRODUCT_BUNDLE_IDENTIFIER = "app.inoue.inoren.kei-doro2";
				PRODUCT_NAME = "$(TARGET_NAME)";
				SWIFT_EMIT_LOC_STRINGS = YES;
				SWIFT_VERSION = 5.0;
				TARGETED_DEVICE_FAMILY = "1,2";
			};
			name = Release;
		};
/* End XCBuildConfiguration section */

/* Begin XCConfigurationList section */
		9E898D872B974E4E003CB854 /* Build configuration list for PBXProject "kei-doro" */ = {
			isa = XCConfigurationList;
			buildConfigurations = (
				9E898D982B974E4F003CB854 /* Debug */,
				9E898D992B974E4F003CB854 /* Release */,
			);
			defaultConfigurationIsVisible = 0;
			defaultConfigurationName = Release;
		};
		9E898D9A2B974E4F003CB854 /* Build configuration list for PBXNativeTarget "kei-doro" */ = {
			isa = XCConfigurationList;
			buildConfigurations = (
				9E898D9B2B974E4F003CB854 /* Debug */,
				9E898D9C2B974E4F003CB854 /* Release */,
			);
			defaultConfigurationIsVisible = 0;
			defaultConfigurationName = Release;
		};
/* End XCConfigurationList section */

/* Begin XCRemoteSwiftPackageReference section */
		728A4CC02B9EDA6B00CAFD73 /* XCRemoteSwiftPackageReference "firebase-ios-sdk" */ = {
			isa = XCRemoteSwiftPackageReference;
			repositoryURL = "https://github.com/firebase/firebase-ios-sdk.git";
			requirement = {
				kind = upToNextMajorVersion;
				minimumVersion = 10.22.1;
			};
		};
/* End XCRemoteSwiftPackageReference section */

/* Begin XCSwiftPackageProductDependency section */
		728A4CD92B9EDA6B00CAFD73 /* FirebaseFirestore */ = {
			isa = XCSwiftPackageProductDependency;
			package = 728A4CC02B9EDA6B00CAFD73 /* XCRemoteSwiftPackageReference "firebase-ios-sdk" */;
			productName = FirebaseFirestore;
		};
		728A4CDB2B9EDA6B00CAFD73 /* FirebaseFirestoreCombine-Community */ = {
			isa = XCSwiftPackageProductDependency;
			package = 728A4CC02B9EDA6B00CAFD73 /* XCRemoteSwiftPackageReference "firebase-ios-sdk" */;
			productName = "FirebaseFirestoreCombine-Community";
		};
		728A4CDD2B9EDA6B00CAFD73 /* FirebaseFirestoreSwift */ = {
			isa = XCSwiftPackageProductDependency;
			package = 728A4CC02B9EDA6B00CAFD73 /* XCRemoteSwiftPackageReference "firebase-ios-sdk" */;
			productName = FirebaseFirestoreSwift;
		};
		9E37FC2E2BA32E72007835C7 /* FirebaseAuth */ = {
			isa = XCSwiftPackageProductDependency;
			package = 728A4CC02B9EDA6B00CAFD73 /* XCRemoteSwiftPackageReference "firebase-ios-sdk" */;
			productName = FirebaseAuth;
		};
/* End XCSwiftPackageProductDependency section */
	};
	rootObject = 9E898D842B974E4E003CB854 /* Project object */;
}
